// !$*UTF8*$!
{
	archiveVersion = 1;
	classes = {
	};
	objectVersion = 56;
	objects = {

/* Begin PBXBuildFile section */
		334BE30E294B3572005AA24B /* VinylsSwiftUIApp.swift in Sources */ = {isa = PBXBuildFile; fileRef = 334BE30D294B3572005AA24B /* VinylsSwiftUIApp.swift */; };
		334BE310294B3572005AA24B /* ContentView.swift in Sources */ = {isa = PBXBuildFile; fileRef = 334BE30F294B3572005AA24B /* ContentView.swift */; };
		334BE312294B3573005AA24B /* Assets.xcassets in Resources */ = {isa = PBXBuildFile; fileRef = 334BE311294B3573005AA24B /* Assets.xcassets */; };
		334BE316294B3573005AA24B /* Preview Assets.xcassets in Resources */ = {isa = PBXBuildFile; fileRef = 334BE315294B3573005AA24B /* Preview Assets.xcassets */; };
		334BE31F294B37BB005AA24B /* Vinyl.swift in Sources */ = {isa = PBXBuildFile; fileRef = 334BE31D294B37BB005AA24B /* Vinyl.swift */; };
		334BE320294B37BB005AA24B /* Library.swift in Sources */ = {isa = PBXBuildFile; fileRef = 334BE31E294B37BB005AA24B /* Library.swift */; };
		334BE322294B600E005AA24B /* VinylListView.swift in Sources */ = {isa = PBXBuildFile; fileRef = 334BE321294B600E005AA24B /* VinylListView.swift */; };
		334BE324294B8182005AA24B /* ShopView.swift in Sources */ = {isa = PBXBuildFile; fileRef = 334BE323294B8182005AA24B /* ShopView.swift */; };
		33E2EBE4294CADB700101159 /* VinylsSwiftUIUITests.swift in Sources */ = {isa = PBXBuildFile; fileRef = 33E2EBE3294CADB700101159 /* VinylsSwiftUIUITests.swift */; };
		33E2EBE6294CADB700101159 /* VinylsSwiftUIUITestsLaunchTests.swift in Sources */ = {isa = PBXBuildFile; fileRef = 33E2EBE5294CADB700101159 /* VinylsSwiftUIUITestsLaunchTests.swift */; };
		33E2EBF3294CB45B00101159 /* VinylsSwiftUITests.swift in Sources */ = {isa = PBXBuildFile; fileRef = 33E2EBF2294CB45B00101159 /* VinylsSwiftUITests.swift */; };
		33E2EBFC294CBF7100101159 /* WebView.swift in Sources */ = {isa = PBXBuildFile; fileRef = 33E2EBFB294CBF7100101159 /* WebView.swift */; };
		33E2EBFE294CC90500101159 /* NearbyShopsView.swift in Sources */ = {isa = PBXBuildFile; fileRef = 33E2EBFD294CC90500101159 /* NearbyShopsView.swift */; };
		33E2EC00294CC94D00101159 /* LocationManager.swift in Sources */ = {isa = PBXBuildFile; fileRef = 33E2EBFF294CC94D00101159 /* LocationManager.swift */; };
/* End PBXBuildFile section */

/* Begin PBXContainerItemProxy section */
		33E2EBE7294CADB700101159 /* PBXContainerItemProxy */ = {
			isa = PBXContainerItemProxy;
			containerPortal = 334BE302294B3572005AA24B /* Project object */;
			proxyType = 1;
			remoteGlobalIDString = 334BE309294B3572005AA24B;
			remoteInfo = VinylsSwiftUI;
		};
		33E2EBF4294CB45B00101159 /* PBXContainerItemProxy */ = {
			isa = PBXContainerItemProxy;
			containerPortal = 334BE302294B3572005AA24B /* Project object */;
			proxyType = 1;
			remoteGlobalIDString = 334BE309294B3572005AA24B;
			remoteInfo = VinylsSwiftUI;
		};
/* End PBXContainerItemProxy section */

/* Begin PBXFileReference section */
		334BE30A294B3572005AA24B /* VinylsSwiftUI.app */ = {isa = PBXFileReference; explicitFileType = wrapper.application; includeInIndex = 0; path = VinylsSwiftUI.app; sourceTree = BUILT_PRODUCTS_DIR; };
		334BE30D294B3572005AA24B /* VinylsSwiftUIApp.swift */ = {isa = PBXFileReference; lastKnownFileType = sourcecode.swift; path = VinylsSwiftUIApp.swift; sourceTree = "<group>"; };
		334BE30F294B3572005AA24B /* ContentView.swift */ = {isa = PBXFileReference; lastKnownFileType = sourcecode.swift; path = ContentView.swift; sourceTree = "<group>"; };
		334BE311294B3573005AA24B /* Assets.xcassets */ = {isa = PBXFileReference; lastKnownFileType = folder.assetcatalog; path = Assets.xcassets; sourceTree = "<group>"; };
		334BE313294B3573005AA24B /* VinylsSwiftUI.entitlements */ = {isa = PBXFileReference; lastKnownFileType = text.plist.entitlements; path = VinylsSwiftUI.entitlements; sourceTree = "<group>"; };
		334BE315294B3573005AA24B /* Preview Assets.xcassets */ = {isa = PBXFileReference; lastKnownFileType = folder.assetcatalog; path = "Preview Assets.xcassets"; sourceTree = "<group>"; };
		334BE31D294B37BB005AA24B /* Vinyl.swift */ = {isa = PBXFileReference; fileEncoding = 4; lastKnownFileType = sourcecode.swift; name = Vinyl.swift; path = ../../../JukeBox/JukeBox/Models/Vinyl.swift; sourceTree = "<group>"; };
		334BE31E294B37BB005AA24B /* Library.swift */ = {isa = PBXFileReference; fileEncoding = 4; lastKnownFileType = sourcecode.swift; name = Library.swift; path = ../../../JukeBox/JukeBox/Models/Library.swift; sourceTree = "<group>"; };
		334BE321294B600E005AA24B /* VinylListView.swift */ = {isa = PBXFileReference; lastKnownFileType = sourcecode.swift; path = VinylListView.swift; sourceTree = "<group>"; };
		334BE323294B8182005AA24B /* ShopView.swift */ = {isa = PBXFileReference; lastKnownFileType = sourcecode.swift; path = ShopView.swift; sourceTree = "<group>"; };
		33E2EBE1294CADB700101159 /* VinylsSwiftUIUITests.xctest */ = {isa = PBXFileReference; explicitFileType = wrapper.cfbundle; includeInIndex = 0; path = VinylsSwiftUIUITests.xctest; sourceTree = BUILT_PRODUCTS_DIR; };
		33E2EBE3294CADB700101159 /* VinylsSwiftUIUITests.swift */ = {isa = PBXFileReference; lastKnownFileType = sourcecode.swift; path = VinylsSwiftUIUITests.swift; sourceTree = "<group>"; };
		33E2EBE5294CADB700101159 /* VinylsSwiftUIUITestsLaunchTests.swift */ = {isa = PBXFileReference; lastKnownFileType = sourcecode.swift; path = VinylsSwiftUIUITestsLaunchTests.swift; sourceTree = "<group>"; };
		33E2EBF0294CB45B00101159 /* VinylsSwiftUITests.xctest */ = {isa = PBXFileReference; explicitFileType = wrapper.cfbundle; includeInIndex = 0; path = VinylsSwiftUITests.xctest; sourceTree = BUILT_PRODUCTS_DIR; };
		33E2EBF2294CB45B00101159 /* VinylsSwiftUITests.swift */ = {isa = PBXFileReference; lastKnownFileType = sourcecode.swift; path = VinylsSwiftUITests.swift; sourceTree = "<group>"; };
		33E2EBFB294CBF7100101159 /* WebView.swift */ = {isa = PBXFileReference; lastKnownFileType = sourcecode.swift; path = WebView.swift; sourceTree = "<group>"; };
		33E2EBFD294CC90500101159 /* NearbyShopsView.swift */ = {isa = PBXFileReference; lastKnownFileType = sourcecode.swift; path = NearbyShopsView.swift; sourceTree = "<group>"; };
		33E2EBFF294CC94D00101159 /* LocationManager.swift */ = {isa = PBXFileReference; lastKnownFileType = sourcecode.swift; path = LocationManager.swift; sourceTree = "<group>"; };
/* End PBXFileReference section */

/* Begin PBXFrameworksBuildPhase section */
		334BE307294B3572005AA24B /* Frameworks */ = {
			isa = PBXFrameworksBuildPhase;
			buildActionMask = 2147483647;
			files = (
			);
			runOnlyForDeploymentPostprocessing = 0;
		};
		33E2EBDE294CADB700101159 /* Frameworks */ = {
			isa = PBXFrameworksBuildPhase;
			buildActionMask = 2147483647;
			files = (
			);
			runOnlyForDeploymentPostprocessing = 0;
		};
		33E2EBED294CB45B00101159 /* Frameworks */ = {
			isa = PBXFrameworksBuildPhase;
			buildActionMask = 2147483647;
			files = (
			);
			runOnlyForDeploymentPostprocessing = 0;
		};
/* End PBXFrameworksBuildPhase section */

/* Begin PBXGroup section */
		334BE301294B3572005AA24B = {
			isa = PBXGroup;
			children = (
				334BE30C294B3572005AA24B /* VinylsSwiftUI */,
				33E2EBE2294CADB700101159 /* VinylsSwiftUIUITests */,
				33E2EBF1294CB45B00101159 /* VinylsSwiftUITests */,
				334BE30B294B3572005AA24B /* Products */,
			);
			sourceTree = "<group>";
		};
		334BE30B294B3572005AA24B /* Products */ = {
			isa = PBXGroup;
			children = (
				334BE30A294B3572005AA24B /* VinylsSwiftUI.app */,
				33E2EBE1294CADB700101159 /* VinylsSwiftUIUITests.xctest */,
				33E2EBF0294CB45B00101159 /* VinylsSwiftUITests.xctest */,
			);
			name = Products;
			sourceTree = "<group>";
		};
		334BE30C294B3572005AA24B /* VinylsSwiftUI */ = {
			isa = PBXGroup;
			children = (
				334BE31C294B3799005AA24B /* Models */,
				334BE30D294B3572005AA24B /* VinylsSwiftUIApp.swift */,
				334BE321294B600E005AA24B /* VinylListView.swift */,
				334BE30F294B3572005AA24B /* ContentView.swift */,
				334BE323294B8182005AA24B /* ShopView.swift */,
				33E2EBFB294CBF7100101159 /* WebView.swift */,
				33E2EBFD294CC90500101159 /* NearbyShopsView.swift */,
				33E2EBFF294CC94D00101159 /* LocationManager.swift */,
				334BE311294B3573005AA24B /* Assets.xcassets */,
				334BE313294B3573005AA24B /* VinylsSwiftUI.entitlements */,
				334BE314294B3573005AA24B /* Preview Content */,
			);
			path = VinylsSwiftUI;
			sourceTree = "<group>";
		};
		334BE314294B3573005AA24B /* Preview Content */ = {
			isa = PBXGroup;
			children = (
				334BE315294B3573005AA24B /* Preview Assets.xcassets */,
			);
			path = "Preview Content";
			sourceTree = "<group>";
		};
		334BE31C294B3799005AA24B /* Models */ = {
			isa = PBXGroup;
			children = (
				334BE31E294B37BB005AA24B /* Library.swift */,
				334BE31D294B37BB005AA24B /* Vinyl.swift */,
			);
			path = Models;
			sourceTree = "<group>";
		};
		33E2EBE2294CADB700101159 /* VinylsSwiftUIUITests */ = {
			isa = PBXGroup;
			children = (
				33E2EBE3294CADB700101159 /* VinylsSwiftUIUITests.swift */,
				33E2EBE5294CADB700101159 /* VinylsSwiftUIUITestsLaunchTests.swift */,
			);
			path = VinylsSwiftUIUITests;
			sourceTree = "<group>";
		};
		33E2EBF1294CB45B00101159 /* VinylsSwiftUITests */ = {
			isa = PBXGroup;
			children = (
				33E2EBF2294CB45B00101159 /* VinylsSwiftUITests.swift */,
			);
			path = VinylsSwiftUITests;
			sourceTree = "<group>";
		};
/* End PBXGroup section */

/* Begin PBXNativeTarget section */
		334BE309294B3572005AA24B /* VinylsSwiftUI */ = {
			isa = PBXNativeTarget;
			buildConfigurationList = 334BE319294B3573005AA24B /* Build configuration list for PBXNativeTarget "VinylsSwiftUI" */;
			buildPhases = (
				334BE306294B3572005AA24B /* Sources */,
				334BE307294B3572005AA24B /* Frameworks */,
				334BE308294B3572005AA24B /* Resources */,
			);
			buildRules = (
			);
			dependencies = (
			);
			name = VinylsSwiftUI;
			productName = VinylsSwiftUI;
			productReference = 334BE30A294B3572005AA24B /* VinylsSwiftUI.app */;
			productType = "com.apple.product-type.application";
		};
		33E2EBE0294CADB700101159 /* VinylsSwiftUIUITests */ = {
			isa = PBXNativeTarget;
			buildConfigurationList = 33E2EBEB294CADB700101159 /* Build configuration list for PBXNativeTarget "VinylsSwiftUIUITests" */;
			buildPhases = (
				33E2EBDD294CADB700101159 /* Sources */,
				33E2EBDE294CADB700101159 /* Frameworks */,
				33E2EBDF294CADB700101159 /* Resources */,
			);
			buildRules = (
			);
			dependencies = (
				33E2EBE8294CADB700101159 /* PBXTargetDependency */,
			);
			name = VinylsSwiftUIUITests;
			productName = VinylsSwiftUIUITests;
			productReference = 33E2EBE1294CADB700101159 /* VinylsSwiftUIUITests.xctest */;
			productType = "com.apple.product-type.bundle.ui-testing";
		};
		33E2EBEF294CB45B00101159 /* VinylsSwiftUITests */ = {
			isa = PBXNativeTarget;
			buildConfigurationList = 33E2EBF6294CB45B00101159 /* Build configuration list for PBXNativeTarget "VinylsSwiftUITests" */;
			buildPhases = (
				33E2EBEC294CB45B00101159 /* Sources */,
				33E2EBED294CB45B00101159 /* Frameworks */,
				33E2EBEE294CB45B00101159 /* Resources */,
			);
			buildRules = (
			);
			dependencies = (
				33E2EBF5294CB45B00101159 /* PBXTargetDependency */,
			);
			name = VinylsSwiftUITests;
			productName = VinylsSwiftUITests;
			productReference = 33E2EBF0294CB45B00101159 /* VinylsSwiftUITests.xctest */;
			productType = "com.apple.product-type.bundle.unit-test";
		};
/* End PBXNativeTarget section */

/* Begin PBXProject section */
		334BE302294B3572005AA24B /* Project object */ = {
			isa = PBXProject;
			attributes = {
				BuildIndependentTargetsInParallel = 1;
				LastSwiftUpdateCheck = 1410;
				LastUpgradeCheck = 1410;
				TargetAttributes = {
					334BE309294B3572005AA24B = {
						CreatedOnToolsVersion = 14.1;
					};
					33E2EBE0294CADB700101159 = {
						CreatedOnToolsVersion = 14.1;
						TestTargetID = 334BE309294B3572005AA24B;
					};
					33E2EBEF294CB45B00101159 = {
						CreatedOnToolsVersion = 14.1;
						TestTargetID = 334BE309294B3572005AA24B;
					};
				};
			};
			buildConfigurationList = 334BE305294B3572005AA24B /* Build configuration list for PBXProject "VinylsSwiftUI" */;
			compatibilityVersion = "Xcode 14.0";
			developmentRegion = en;
			hasScannedForEncodings = 0;
			knownRegions = (
				en,
				Base,
			);
			mainGroup = 334BE301294B3572005AA24B;
			productRefGroup = 334BE30B294B3572005AA24B /* Products */;
			projectDirPath = "";
			projectRoot = "";
			targets = (
				334BE309294B3572005AA24B /* VinylsSwiftUI */,
				33E2EBE0294CADB700101159 /* VinylsSwiftUIUITests */,
				33E2EBEF294CB45B00101159 /* VinylsSwiftUITests */,
			);
		};
/* End PBXProject section */

/* Begin PBXResourcesBuildPhase section */
		334BE308294B3572005AA24B /* Resources */ = {
			isa = PBXResourcesBuildPhase;
			buildActionMask = 2147483647;
			files = (
				334BE316294B3573005AA24B /* Preview Assets.xcassets in Resources */,
				334BE312294B3573005AA24B /* Assets.xcassets in Resources */,
			);
			runOnlyForDeploymentPostprocessing = 0;
		};
		33E2EBDF294CADB700101159 /* Resources */ = {
			isa = PBXResourcesBuildPhase;
			buildActionMask = 2147483647;
			files = (
			);
			runOnlyForDeploymentPostprocessing = 0;
		};
		33E2EBEE294CB45B00101159 /* Resources */ = {
			isa = PBXResourcesBuildPhase;
			buildActionMask = 2147483647;
			files = (
			);
			runOnlyForDeploymentPostprocessing = 0;
		};
/* End PBXResourcesBuildPhase section */

/* Begin PBXSourcesBuildPhase section */
		334BE306294B3572005AA24B /* Sources */ = {
			isa = PBXSourcesBuildPhase;
			buildActionMask = 2147483647;
			files = (
				334BE324294B8182005AA24B /* ShopView.swift in Sources */,
				33E2EBFE294CC90500101159 /* NearbyShopsView.swift in Sources */,
				334BE310294B3572005AA24B /* ContentView.swift in Sources */,
				334BE320294B37BB005AA24B /* Library.swift in Sources */,
				334BE30E294B3572005AA24B /* VinylsSwiftUIApp.swift in Sources */,
				334BE31F294B37BB005AA24B /* Vinyl.swift in Sources */,
				334BE322294B600E005AA24B /* VinylListView.swift in Sources */,
				33E2EBFC294CBF7100101159 /* WebView.swift in Sources */,
				33E2EC00294CC94D00101159 /* LocationManager.swift in Sources */,
			);
			runOnlyForDeploymentPostprocessing = 0;
		};
		33E2EBDD294CADB700101159 /* Sources */ = {
			isa = PBXSourcesBuildPhase;
			buildActionMask = 2147483647;
			files = (
				33E2EBE4294CADB700101159 /* VinylsSwiftUIUITests.swift in Sources */,
				33E2EBE6294CADB700101159 /* VinylsSwiftUIUITestsLaunchTests.swift in Sources */,
			);
			runOnlyForDeploymentPostprocessing = 0;
		};
		33E2EBEC294CB45B00101159 /* Sources */ = {
			isa = PBXSourcesBuildPhase;
			buildActionMask = 2147483647;
			files = (
				33E2EBF3294CB45B00101159 /* VinylsSwiftUITests.swift in Sources */,
			);
			runOnlyForDeploymentPostprocessing = 0;
		};
/* End PBXSourcesBuildPhase section */

/* Begin PBXTargetDependency section */
		33E2EBE8294CADB700101159 /* PBXTargetDependency */ = {
			isa = PBXTargetDependency;
			target = 334BE309294B3572005AA24B /* VinylsSwiftUI */;
			targetProxy = 33E2EBE7294CADB700101159 /* PBXContainerItemProxy */;
		};
		33E2EBF5294CB45B00101159 /* PBXTargetDependency */ = {
			isa = PBXTargetDependency;
			target = 334BE309294B3572005AA24B /* VinylsSwiftUI */;
			targetProxy = 33E2EBF4294CB45B00101159 /* PBXContainerItemProxy */;
		};
/* End PBXTargetDependency section */

/* Begin XCBuildConfiguration section */
		334BE317294B3573005AA24B /* Debug */ = {
			isa = XCBuildConfiguration;
			buildSettings = {
				ALWAYS_SEARCH_USER_PATHS = NO;
				CLANG_ANALYZER_NONNULL = YES;
				CLANG_ANALYZER_NUMBER_OBJECT_CONVERSION = YES_AGGRESSIVE;
				CLANG_CXX_LANGUAGE_STANDARD = "gnu++20";
				CLANG_ENABLE_MODULES = YES;
				CLANG_ENABLE_OBJC_ARC = YES;
				CLANG_ENABLE_OBJC_WEAK = YES;
				CLANG_WARN_BLOCK_CAPTURE_AUTORELEASING = YES;
				CLANG_WARN_BOOL_CONVERSION = YES;
				CLANG_WARN_COMMA = YES;
				CLANG_WARN_CONSTANT_CONVERSION = YES;
				CLANG_WARN_DEPRECATED_OBJC_IMPLEMENTATIONS = YES;
				CLANG_WARN_DIRECT_OBJC_ISA_USAGE = YES_ERROR;
				CLANG_WARN_DOCUMENTATION_COMMENTS = YES;
				CLANG_WARN_EMPTY_BODY = YES;
				CLANG_WARN_ENUM_CONVERSION = YES;
				CLANG_WARN_INFINITE_RECURSION = YES;
				CLANG_WARN_INT_CONVERSION = YES;
				CLANG_WARN_NON_LITERAL_NULL_CONVERSION = YES;
				CLANG_WARN_OBJC_IMPLICIT_RETAIN_SELF = YES;
				CLANG_WARN_OBJC_LITERAL_CONVERSION = YES;
				CLANG_WARN_OBJC_ROOT_CLASS = YES_ERROR;
				CLANG_WARN_QUOTED_INCLUDE_IN_FRAMEWORK_HEADER = YES;
				CLANG_WARN_RANGE_LOOP_ANALYSIS = YES;
				CLANG_WARN_STRICT_PROTOTYPES = YES;
				CLANG_WARN_SUSPICIOUS_MOVE = YES;
				CLANG_WARN_UNGUARDED_AVAILABILITY = YES_AGGRESSIVE;
				CLANG_WARN_UNREACHABLE_CODE = YES;
				CLANG_WARN__DUPLICATE_METHOD_MATCH = YES;
				COPY_PHASE_STRIP = NO;
				DEBUG_INFORMATION_FORMAT = dwarf;
				ENABLE_STRICT_OBJC_MSGSEND = YES;
				ENABLE_TESTABILITY = YES;
				GCC_C_LANGUAGE_STANDARD = gnu11;
				GCC_DYNAMIC_NO_PIC = NO;
				GCC_NO_COMMON_BLOCKS = YES;
				GCC_OPTIMIZATION_LEVEL = 0;
				GCC_PREPROCESSOR_DEFINITIONS = (
					"DEBUG=1",
					"$(inherited)",
				);
				GCC_WARN_64_TO_32_BIT_CONVERSION = YES;
				GCC_WARN_ABOUT_RETURN_TYPE = YES_ERROR;
				GCC_WARN_UNDECLARED_SELECTOR = YES;
				GCC_WARN_UNINITIALIZED_AUTOS = YES_AGGRESSIVE;
				GCC_WARN_UNUSED_FUNCTION = YES;
				GCC_WARN_UNUSED_VARIABLE = YES;
				MTL_ENABLE_DEBUG_INFO = INCLUDE_SOURCE;
				MTL_FAST_MATH = YES;
				ONLY_ACTIVE_ARCH = YES;
				SWIFT_ACTIVE_COMPILATION_CONDITIONS = DEBUG;
				SWIFT_OPTIMIZATION_LEVEL = "-Onone";
			};
			name = Debug;
		};
		334BE318294B3573005AA24B /* Release */ = {
			isa = XCBuildConfiguration;
			buildSettings = {
				ALWAYS_SEARCH_USER_PATHS = NO;
				CLANG_ANALYZER_NONNULL = YES;
				CLANG_ANALYZER_NUMBER_OBJECT_CONVERSION = YES_AGGRESSIVE;
				CLANG_CXX_LANGUAGE_STANDARD = "gnu++20";
				CLANG_ENABLE_MODULES = YES;
				CLANG_ENABLE_OBJC_ARC = YES;
				CLANG_ENABLE_OBJC_WEAK = YES;
				CLANG_WARN_BLOCK_CAPTURE_AUTORELEASING = YES;
				CLANG_WARN_BOOL_CONVERSION = YES;
				CLANG_WARN_COMMA = YES;
				CLANG_WARN_CONSTANT_CONVERSION = YES;
				CLANG_WARN_DEPRECATED_OBJC_IMPLEMENTATIONS = YES;
				CLANG_WARN_DIRECT_OBJC_ISA_USAGE = YES_ERROR;
				CLANG_WARN_DOCUMENTATION_COMMENTS = YES;
				CLANG_WARN_EMPTY_BODY = YES;
				CLANG_WARN_ENUM_CONVERSION = YES;
				CLANG_WARN_INFINITE_RECURSION = YES;
				CLANG_WARN_INT_CONVERSION = YES;
				CLANG_WARN_NON_LITERAL_NULL_CONVERSION = YES;
				CLANG_WARN_OBJC_IMPLICIT_RETAIN_SELF = YES;
				CLANG_WARN_OBJC_LITERAL_CONVERSION = YES;
				CLANG_WARN_OBJC_ROOT_CLASS = YES_ERROR;
				CLANG_WARN_QUOTED_INCLUDE_IN_FRAMEWORK_HEADER = YES;
				CLANG_WARN_RANGE_LOOP_ANALYSIS = YES;
				CLANG_WARN_STRICT_PROTOTYPES = YES;
				CLANG_WARN_SUSPICIOUS_MOVE = YES;
				CLANG_WARN_UNGUARDED_AVAILABILITY = YES_AGGRESSIVE;
				CLANG_WARN_UNREACHABLE_CODE = YES;
				CLANG_WARN__DUPLICATE_METHOD_MATCH = YES;
				COPY_PHASE_STRIP = NO;
				DEBUG_INFORMATION_FORMAT = "dwarf-with-dsym";
				ENABLE_NS_ASSERTIONS = NO;
				ENABLE_STRICT_OBJC_MSGSEND = YES;
				GCC_C_LANGUAGE_STANDARD = gnu11;
				GCC_NO_COMMON_BLOCKS = YES;
				GCC_WARN_64_TO_32_BIT_CONVERSION = YES;
				GCC_WARN_ABOUT_RETURN_TYPE = YES_ERROR;
				GCC_WARN_UNDECLARED_SELECTOR = YES;
				GCC_WARN_UNINITIALIZED_AUTOS = YES_AGGRESSIVE;
				GCC_WARN_UNUSED_FUNCTION = YES;
				GCC_WARN_UNUSED_VARIABLE = YES;
				MTL_ENABLE_DEBUG_INFO = NO;
				MTL_FAST_MATH = YES;
				SWIFT_COMPILATION_MODE = wholemodule;
				SWIFT_OPTIMIZATION_LEVEL = "-O";
			};
			name = Release;
		};
		334BE31A294B3573005AA24B /* Debug */ = {
			isa = XCBuildConfiguration;
			buildSettings = {
				ASSETCATALOG_COMPILER_APPICON_NAME = AppIcon;
				ASSETCATALOG_COMPILER_GLOBAL_ACCENT_COLOR_NAME = AccentColor;
				CODE_SIGN_ENTITLEMENTS = VinylsSwiftUI/VinylsSwiftUI.entitlements;
				CODE_SIGN_STYLE = Automatic;
				CURRENT_PROJECT_VERSION = 1;
				DEVELOPMENT_ASSET_PATHS = "\"VinylsSwiftUI/Preview Content\"";
				DEVELOPMENT_TEAM = A7SGM6JEMA;
				ENABLE_HARDENED_RUNTIME = YES;
				ENABLE_PREVIEWS = YES;
				GENERATE_INFOPLIST_FILE = YES;
				INFOPLIST_FILE = "";
				INFOPLIST_KEY_NSLocationWhenInUseUsageDescription = "We need it to find nearby store";
				"INFOPLIST_KEY_UIApplicationSceneManifest_Generation[sdk=iphoneos*]" = YES;
				"INFOPLIST_KEY_UIApplicationSceneManifest_Generation[sdk=iphonesimulator*]" = YES;
				"INFOPLIST_KEY_UIApplicationSupportsIndirectInputEvents[sdk=iphoneos*]" = YES;
				"INFOPLIST_KEY_UIApplicationSupportsIndirectInputEvents[sdk=iphonesimulator*]" = YES;
				"INFOPLIST_KEY_UILaunchScreen_Generation[sdk=iphoneos*]" = YES;
				"INFOPLIST_KEY_UILaunchScreen_Generation[sdk=iphonesimulator*]" = YES;
				"INFOPLIST_KEY_UIStatusBarStyle[sdk=iphoneos*]" = UIStatusBarStyleDefault;
				"INFOPLIST_KEY_UIStatusBarStyle[sdk=iphonesimulator*]" = UIStatusBarStyleDefault;
				INFOPLIST_KEY_UISupportedInterfaceOrientations_iPad = "UIInterfaceOrientationPortrait UIInterfaceOrientationPortraitUpsideDown UIInterfaceOrientationLandscapeLeft UIInterfaceOrientationLandscapeRight";
				INFOPLIST_KEY_UISupportedInterfaceOrientations_iPhone = "UIInterfaceOrientationPortrait UIInterfaceOrientationLandscapeLeft UIInterfaceOrientationLandscapeRight";
				IPHONEOS_DEPLOYMENT_TARGET = 16.1;
				LD_RUNPATH_SEARCH_PATHS = "@executable_path/Frameworks";
				"LD_RUNPATH_SEARCH_PATHS[sdk=macosx*]" = "@executable_path/../Frameworks";
				MACOSX_DEPLOYMENT_TARGET = 13.0;
				MARKETING_VERSION = 1.0;
				PRODUCT_BUNDLE_IDENTIFIER = com.humancoders.training.ios.VinylsSwiftUI;
				PRODUCT_NAME = "$(TARGET_NAME)";
				SDKROOT = auto;
				SUPPORTED_PLATFORMS = "iphoneos iphonesimulator macosx";
				SWIFT_EMIT_LOC_STRINGS = YES;
				SWIFT_VERSION = 5.0;
				TARGETED_DEVICE_FAMILY = "1,2";
			};
			name = Debug;
		};
		334BE31B294B3573005AA24B /* Release */ = {
			isa = XCBuildConfiguration;
			buildSettings = {
				ASSETCATALOG_COMPILER_APPICON_NAME = AppIcon;
				ASSETCATALOG_COMPILER_GLOBAL_ACCENT_COLOR_NAME = AccentColor;
				CODE_SIGN_ENTITLEMENTS = VinylsSwiftUI/VinylsSwiftUI.entitlements;
				CODE_SIGN_STYLE = Automatic;
				CURRENT_PROJECT_VERSION = 1;
				DEVELOPMENT_ASSET_PATHS = "\"VinylsSwiftUI/Preview Content\"";
				DEVELOPMENT_TEAM = A7SGM6JEMA;
				ENABLE_HARDENED_RUNTIME = YES;
				ENABLE_PREVIEWS = YES;
				GENERATE_INFOPLIST_FILE = YES;
				INFOPLIST_FILE = "";
				INFOPLIST_KEY_NSLocationWhenInUseUsageDescription = "We need it to find nearby store";
				"INFOPLIST_KEY_UIApplicationSceneManifest_Generation[sdk=iphoneos*]" = YES;
				"INFOPLIST_KEY_UIApplicationSceneManifest_Generation[sdk=iphonesimulator*]" = YES;
				"INFOPLIST_KEY_UIApplicationSupportsIndirectInputEvents[sdk=iphoneos*]" = YES;
				"INFOPLIST_KEY_UIApplicationSupportsIndirectInputEvents[sdk=iphonesimulator*]" = YES;
				"INFOPLIST_KEY_UILaunchScreen_Generation[sdk=iphoneos*]" = YES;
				"INFOPLIST_KEY_UILaunchScreen_Generation[sdk=iphonesimulator*]" = YES;
				"INFOPLIST_KEY_UIStatusBarStyle[sdk=iphoneos*]" = UIStatusBarStyleDefault;
				"INFOPLIST_KEY_UIStatusBarStyle[sdk=iphonesimulator*]" = UIStatusBarStyleDefault;
				INFOPLIST_KEY_UISupportedInterfaceOrientations_iPad = "UIInterfaceOrientationPortrait UIInterfaceOrientationPortraitUpsideDown UIInterfaceOrientationLandscapeLeft UIInterfaceOrientationLandscapeRight";
				INFOPLIST_KEY_UISupportedInterfaceOrientations_iPhone = "UIInterfaceOrientationPortrait UIInterfaceOrientationLandscapeLeft UIInterfaceOrientationLandscapeRight";
				IPHONEOS_DEPLOYMENT_TARGET = 16.1;
				LD_RUNPATH_SEARCH_PATHS = "@executable_path/Frameworks";
				"LD_RUNPATH_SEARCH_PATHS[sdk=macosx*]" = "@executable_path/../Frameworks";
				MACOSX_DEPLOYMENT_TARGET = 13.0;
				MARKETING_VERSION = 1.0;
				PRODUCT_BUNDLE_IDENTIFIER = com.humancoders.training.ios.VinylsSwiftUI;
				PRODUCT_NAME = "$(TARGET_NAME)";
				SDKROOT = auto;
				SUPPORTED_PLATFORMS = "iphoneos iphonesimulator macosx";
				SWIFT_EMIT_LOC_STRINGS = YES;
				SWIFT_VERSION = 5.0;
				TARGETED_DEVICE_FAMILY = "1,2";
			};
			name = Release;
		};
		33E2EBE9294CADB700101159 /* Debug */ = {
			isa = XCBuildConfiguration;
			buildSettings = {
				CODE_SIGN_STYLE = Automatic;
				CURRENT_PROJECT_VERSION = 1;
				DEVELOPMENT_TEAM = A7SGM6JEMA;
				GENERATE_INFOPLIST_FILE = YES;
				IPHONEOS_DEPLOYMENT_TARGET = 16.1;
				MARKETING_VERSION = 1.0;
				PRODUCT_BUNDLE_IDENTIFIER = com.humancoders.training.ios.VinylsSwiftUIUITests;
				PRODUCT_NAME = "$(TARGET_NAME)";
				SDKROOT = iphoneos;
				SWIFT_EMIT_LOC_STRINGS = NO;
				SWIFT_VERSION = 5.0;
				TARGETED_DEVICE_FAMILY = "1,2";
				TEST_TARGET_NAME = VinylsSwiftUI;
			};
			name = Debug;
		};
		33E2EBEA294CADB700101159 /* Release */ = {
			isa = XCBuildConfiguration;
			buildSettings = {
				CODE_SIGN_STYLE = Automatic;
				CURRENT_PROJECT_VERSION = 1;
				DEVELOPMENT_TEAM = A7SGM6JEMA;
				GENERATE_INFOPLIST_FILE = YES;
				IPHONEOS_DEPLOYMENT_TARGET = 16.1;
				MARKETING_VERSION = 1.0;
				PRODUCT_BUNDLE_IDENTIFIER = com.humancoders.training.ios.VinylsSwiftUIUITests;
				PRODUCT_NAME = "$(TARGET_NAME)";
				SDKROOT = iphoneos;
				SWIFT_EMIT_LOC_STRINGS = NO;
				SWIFT_VERSION = 5.0;
				TARGETED_DEVICE_FAMILY = "1,2";
				TEST_TARGET_NAME = VinylsSwiftUI;
				VALIDATE_PRODUCT = YES;
			};
			name = Release;
		};
		33E2EBF7294CB45B00101159 /* Debug */ = {
			isa = XCBuildConfiguration;
			buildSettings = {
				BUNDLE_LOADER = "$(TEST_HOST)";
				CODE_SIGN_STYLE = Automatic;
				CURRENT_PROJECT_VERSION = 1;
				DEVELOPMENT_TEAM = A7SGM6JEMA;
				GENERATE_INFOPLIST_FILE = YES;
				IPHONEOS_DEPLOYMENT_TARGET = 16.1;
				MARKETING_VERSION = 1.0;
				PRODUCT_BUNDLE_IDENTIFIER = com.humancoders.training.ios.VinylsSwiftUITests;
				PRODUCT_NAME = "$(TARGET_NAME)";
				SDKROOT = iphoneos;
				SWIFT_EMIT_LOC_STRINGS = NO;
				SWIFT_VERSION = 5.0;
				TARGETED_DEVICE_FAMILY = "1,2";
				TEST_HOST = "$(BUILT_PRODUCTS_DIR)/VinylsSwiftUI.app/$(BUNDLE_EXECUTABLE_FOLDER_PATH)/VinylsSwiftUI";
			};
			name = Debug;
		};
		33E2EBF8294CB45B00101159 /* Release */ = {
			isa = XCBuildConfiguration;
			buildSettings = {
				BUNDLE_LOADER = "$(TEST_HOST)";
				CODE_SIGN_STYLE = Automatic;
				CURRENT_PROJECT_VERSION = 1;
				DEVELOPMENT_TEAM = A7SGM6JEMA;
				GENERATE_INFOPLIST_FILE = YES;
				IPHONEOS_DEPLOYMENT_TARGET = 16.1;
				MARKETING_VERSION = 1.0;
				PRODUCT_BUNDLE_IDENTIFIER = com.humancoders.training.ios.VinylsSwiftUITests;
				PRODUCT_NAME = "$(TARGET_NAME)";
				SDKROOT = iphoneos;
				SWIFT_EMIT_LOC_STRINGS = NO;
				SWIFT_VERSION = 5.0;
				TARGETED_DEVICE_FAMILY = "1,2";
				TEST_HOST = "$(BUILT_PRODUCTS_DIR)/VinylsSwiftUI.app/$(BUNDLE_EXECUTABLE_FOLDER_PATH)/VinylsSwiftUI";
				VALIDATE_PRODUCT = YES;
			};
			name = Release;
		};
/* End XCBuildConfiguration section */

/* Begin XCConfigurationList section */
		334BE305294B3572005AA24B /* Build configuration list for PBXProject "VinylsSwiftUI" */ = {
			isa = XCConfigurationList;
			buildConfigurations = (
				334BE317294B3573005AA24B /* Debug */,
				334BE318294B3573005AA24B /* Release */,
			);
			defaultConfigurationIsVisible = 0;
			defaultConfigurationName = Release;
		};
		334BE319294B3573005AA24B /* Build configuration list for PBXNativeTarget "VinylsSwiftUI" */ = {
			isa = XCConfigurationList;
			buildConfigurations = (
				334BE31A294B3573005AA24B /* Debug */,
				334BE31B294B3573005AA24B /* Release */,
			);
			defaultConfigurationIsVisible = 0;
			defaultConfigurationName = Release;
		};
		33E2EBEB294CADB700101159 /* Build configuration list for PBXNativeTarget "VinylsSwiftUIUITests" */ = {
			isa = XCConfigurationList;
			buildConfigurations = (
				33E2EBE9294CADB700101159 /* Debug */,
				33E2EBEA294CADB700101159 /* Release */,
			);
			defaultConfigurationIsVisible = 0;
			defaultConfigurationName = Release;
		};
		33E2EBF6294CB45B00101159 /* Build configuration list for PBXNativeTarget "VinylsSwiftUITests" */ = {
			isa = XCConfigurationList;
			buildConfigurations = (
				33E2EBF7294CB45B00101159 /* Debug */,
				33E2EBF8294CB45B00101159 /* Release */,
			);
			defaultConfigurationIsVisible = 0;
			defaultConfigurationName = Release;
		};
/* End XCConfigurationList section */
	};
	rootObject = 334BE302294B3572005AA24B /* Project object */;
}
